
Microsoft Visual Studio Solution File, Format Version 12.00
# Visual Studio Version 17
VisualStudioVersion = 17.9.34902.65
MinimumVisualStudioVersion = 10.0.40219.1
Project("{FAE04EC0-301F-11D3-BF4B-00C04F79EFBC}") = "DXF", "DXF\DXF.csproj", "{D53BEEF8-39DE-49B9-84C0-47D300B42693}"
EndProject
Global
	GlobalSection(SolutionConfigurationPlatforms) = preSolution
		Debug|Any CPU = Debug|Any CPU
		Release|Any CPU = Release|Any CPU
	EndGlobalSection
	GlobalSection(ProjectConfigurationPlatforms) = postSolution
		{D53BEEF8-39DE-49B9-84C0-47D300B42693}.Debug|Any CPU.ActiveCfg = Debug|Any CPU
		{D53BEEF8-39DE-49B9-84C0-47D300B42693}.Debug|Any CPU.Build.0 = Debug|Any CPU
		{D53BEEF8-39DE-49B9-84C0-47D300B42693}.Release|Any CPU.ActiveCfg = Release|Any CPU
		{D53BEEF8-39DE-49B9-84C0-47D300B42693}.Release|Any CPU.Build.0 = Release|Any CPU
	EndGlobalSection
	GlobalSection(SolutionProperties) = preSolution
		HideSolutionNode = FALSE
	EndGlobalSection
	GlobalSection(ExtensibilityGlobals) = postSolution
		SolutionGuid = {4C34D0F9-FC9A-4F2B-B2EC-DF751D07CE6A}
	EndGlobalSection
EndGlobal
